
Microsoft Visual Studio Solution File, Format Version 12.00
# Visual Studio Version 16
VisualStudioVersion = 16.0.30011.22
MinimumVisualStudioVersion = 10.0.40219.1
Project("{FAE04EC0-301F-11D3-BF4B-00C04F79EFBC}") = "Deliverable2", "Deliverable2\Deliverable2.csproj", "{91E615BB-7FB7-4593-8B8E-288F79108474}"
EndProject
Global
	GlobalSection(SolutionConfigurationPlatforms) = preSolution
		Debug|Any CPU = Debug|Any CPU
		Release|Any CPU = Release|Any CPU
	EndGlobalSection
	GlobalSection(ProjectConfigurationPlatforms) = postSolution
		{91E615BB-7FB7-4593-8B8E-288F79108474}.Debug|Any CPU.ActiveCfg = Debug|Any CPU
		{91E615BB-7FB7-4593-8B8E-288F79108474}.Debug|Any CPU.Build.0 = Debug|Any CPU
		{91E615BB-7FB7-4593-8B8E-288F79108474}.Release|Any CPU.ActiveCfg = Release|Any CPU
		{91E615BB-7FB7-4593-8B8E-288F79108474}.Release|Any CPU.Build.0 = Release|Any CPU
	EndGlobalSection
	GlobalSection(SolutionProperties) = preSolution
		HideSolutionNode = FALSE
	EndGlobalSection
	GlobalSection(ExtensibilityGlobals) = postSolution
		SolutionGuid = {FE206FF9-7AD4-4727-B1EA-326DF8ECF796}
	EndGlobalSection
EndGlobal
